// !$*UTF8*$!
{
	archiveVersion = 1;
	classes = {
	};
	objectVersion = 46;
	objects = {

/* Begin PBXBuildFile section */
		B21967A61CAE4D9300D770A3 /* Money.swift in Sources */ = {isa = PBXBuildFile; fileRef = B21967A51CAE4D9300D770A3 /* Money.swift */; };
		B21967A81CAE821800D770A3 /* ATM.swift in Sources */ = {isa = PBXBuildFile; fileRef = B21967A71CAE821800D770A3 /* ATM.swift */; };
		B28F22221CA39599002BD10B /* AppDelegate.swift in Sources */ = {isa = PBXBuildFile; fileRef = B28F22211CA39599002BD10B /* AppDelegate.swift */; };
		B28F22241CA39599002BD10B /* ViewController.swift in Sources */ = {isa = PBXBuildFile; fileRef = B28F22231CA39599002BD10B /* ViewController.swift */; };
		B28F22271CA39599002BD10B /* Main.storyboard in Resources */ = {isa = PBXBuildFile; fileRef = B28F22251CA39599002BD10B /* Main.storyboard */; };
		B28F22291CA39599002BD10B /* Assets.xcassets in Resources */ = {isa = PBXBuildFile; fileRef = B28F22281CA39599002BD10B /* Assets.xcassets */; };
		B28F222C1CA39599002BD10B /* LaunchScreen.storyboard in Resources */ = {isa = PBXBuildFile; fileRef = B28F222A1CA39599002BD10B /* LaunchScreen.storyboard */; };
/* End PBXBuildFile section */

/* Begin PBXFileReference section */
		B21967A51CAE4D9300D770A3 /* Money.swift */ = {isa = PBXFileReference; fileEncoding = 4; lastKnownFileType = sourcecode.swift; path = Money.swift; sourceTree = "<group>"; };
		B21967A71CAE821800D770A3 /* ATM.swift */ = {isa = PBXFileReference; fileEncoding = 4; lastKnownFileType = sourcecode.swift; path = ATM.swift; sourceTree = "<group>"; };
		B28F221E1CA39599002BD10B /* ChainOfResponsibilityPattern.app */ = {isa = PBXFileReference; explicitFileType = wrapper.application; includeInIndex = 0; path = ChainOfResponsibilityPattern.app; sourceTree = BUILT_PRODUCTS_DIR; };
		B28F22211CA39599002BD10B /* AppDelegate.swift */ = {isa = PBXFileReference; lastKnownFileType = sourcecode.swift; path = AppDelegate.swift; sourceTree = "<group>"; };
		B28F22231CA39599002BD10B /* ViewController.swift */ = {isa = PBXFileReference; lastKnownFileType = sourcecode.swift; path = ViewController.swift; sourceTree = "<group>"; };
		B28F22261CA39599002BD10B /* Base */ = {isa = PBXFileReference; lastKnownFileType = file.storyboard; name = Base; path = Base.lproj/Main.storyboard; sourceTree = "<group>"; };
		B28F22281CA39599002BD10B /* Assets.xcassets */ = {isa = PBXFileReference; lastKnownFileType = folder.assetcatalog; path = Assets.xcassets; sourceTree = "<group>"; };
		B28F222B1CA39599002BD10B /* Base */ = {isa = PBXFileReference; lastKnownFileType = file.storyboard; name = Base; path = Base.lproj/LaunchScreen.storyboard; sourceTree = "<group>"; };
		B28F222D1CA39599002BD10B /* Info.plist */ = {isa = PBXFileReference; lastKnownFileType = text.plist.xml; path = Info.plist; sourceTree = "<group>"; };
/* End PBXFileReference section */

/* Begin PBXFrameworksBuildPhase section */
		B28F221B1CA39599002BD10B /* Frameworks */ = {
			isa = PBXFrameworksBuildPhase;
			buildActionMask = 2147483647;
			files = (
			);
			runOnlyForDeploymentPostprocessing = 0;
		};
/* End PBXFrameworksBuildPhase section */

/* Begin PBXGroup section */
		B28F22151CA39599002BD10B = {
			isa = PBXGroup;
			children = (
				B28F22201CA39599002BD10B /* ChainOfResponsibilityPattern */,
				B28F221F1CA39599002BD10B /* Products */,
			);
			sourceTree = "<group>";
		};
		B28F221F1CA39599002BD10B /* Products */ = {
			isa = PBXGroup;
			children = (
				B28F221E1CA39599002BD10B /* ChainOfResponsibilityPattern.app */,
			);
			name = Products;
			sourceTree = "<group>";
		};
		B28F22201CA39599002BD10B /* ChainOfResponsibilityPattern */ = {
			isa = PBXGroup;
			children = (
				B28F22211CA39599002BD10B /* AppDelegate.swift */,
				B28F22231CA39599002BD10B /* ViewController.swift */,
				B21967A51CAE4D9300D770A3 /* Money.swift */,
				B21967A71CAE821800D770A3 /* ATM.swift */,
				B28F22251CA39599002BD10B /* Main.storyboard */,
				B28F22281CA39599002BD10B /* Assets.xcassets */,
				B28F222A1CA39599002BD10B /* LaunchScreen.storyboard */,
				B28F222D1CA39599002BD10B /* Info.plist */,
			);
			path = ChainOfResponsibilityPattern;
			sourceTree = "<group>";
		};
/* End PBXGroup section */

/* Begin PBXNativeTarget section */
		B28F221D1CA39599002BD10B /* ChainOfResponsibilityPattern */ = {
			isa = PBXNativeTarget;
			buildConfigurationList = B28F22301CA39599002BD10B /* Build configuration list for PBXNativeTarget "ChainOfResponsibilityPattern" */;
			buildPhases = (
				B28F221A1CA39599002BD10B /* Sources */,
				B28F221B1CA39599002BD10B /* Frameworks */,
				B28F221C1CA39599002BD10B /* Resources */,
			);
			buildRules = (
			);
			dependencies = (
			);
			name = ChainOfResponsibilityPattern;
			productName = ChainOfResponsibilityPattern;
			productReference = B28F221E1CA39599002BD10B /* ChainOfResponsibilityPattern.app */;
			productType = "com.apple.product-type.application";
		};
/* End PBXNativeTarget section */

/* Begin PBXProject section */
		B28F22161CA39599002BD10B /* Project object */ = {
			isa = PBXProject;
			attributes = {
				LastSwiftUpdateCheck = 0720;
				LastUpgradeCheck = 0720;
				ORGANIZATIONNAME = Max.;
				TargetAttributes = {
					B28F221D1CA39599002BD10B = {
						CreatedOnToolsVersion = 7.2;
					};
				};
			};
			buildConfigurationList = B28F22191CA39599002BD10B /* Build configuration list for PBXProject "ChainOfResponsibilityPattern" */;
			compatibilityVersion = "Xcode 3.2";
			developmentRegion = English;
			hasScannedForEncodings = 0;
			knownRegions = (
				en,
				Base,
			);
			mainGroup = B28F22151CA39599002BD10B;
			productRefGroup = B28F221F1CA39599002BD10B /* Products */;
			projectDirPath = "";
			projectRoot = "";
			targets = (
				B28F221D1CA39599002BD10B /* ChainOfResponsibilityPattern */,
			);
		};
/* End PBXProject section */

/* Begin PBXResourcesBuildPhase section */
		B28F221C1CA39599002BD10B /* Resources */ = {
			isa = PBXResourcesBuildPhase;
			buildActionMask = 2147483647;
			files = (
				B28F222C1CA39599002BD10B /* LaunchScreen.storyboard in Resources */,
				B28F22291CA39599002BD10B /* Assets.xcassets in Resources */,
				B28F22271CA39599002BD10B /* Main.storyboard in Resources */,
			);
			runOnlyForDeploymentPostprocessing = 0;
		};
/* End PBXResourcesBuildPhase section */

/* Begin PBXSourcesBuildPhase section */
		B28F221A1CA39599002BD10B /* Sources */ = {
			isa = PBXSourcesBuildPhase;
			buildActionMask = 2147483647;
			files = (
				B28F22241CA39599002BD10B /* ViewController.swift in Sources */,
				B21967A61CAE4D9300D770A3 /* Money.swift in Sources */,
				B21967A81CAE821800D770A3 /* ATM.swift in Sources */,
				B28F22221CA39599002BD10B /* AppDelegate.swift in Sources */,
			);
			runOnlyForDeploymentPostprocessing = 0;
		};
/* End PBXSourcesBuildPhase section */

/* Begin PBXVariantGroup section */
		B28F22251CA39599002BD10B /* Main.storyboard */ = {
			isa = PBXVariantGroup;
			children = (
				B28F22261CA39599002BD10B /* Base */,
			);
			name = Main.storyboard;
			sourceTree = "<group>";
		};
		B28F222A1CA39599002BD10B /* LaunchScreen.storyboard */ = {
			isa = PBXVariantGroup;
			children = (
				B28F222B1CA39599002BD10B /* Base */,
			);
			name = LaunchScreen.storyboard;
			sourceTree = "<group>";
		};
/* End PBXVariantGroup section */

/* Begin XCBuildConfiguration section */
		B28F222E1CA39599002BD10B /* Debug */ = {
			isa = XCBuildConfiguration;
			buildSettings = {
				ALWAYS_SEARCH_USER_PATHS = NO;
				CLANG_CXX_LANGUAGE_STANDARD = "gnu++0x";
				CLANG_CXX_LIBRARY = "libc++";
				CLANG_ENABLE_MODULES = YES;
				CLANG_ENABLE_OBJC_ARC = YES;
				CLANG_WARN_BOOL_CONVERSION = YES;
				CLANG_WARN_CONSTANT_CONVERSION = YES;
				CLANG_WARN_DIRECT_OBJC_ISA_USAGE = YES_ERROR;
				CLANG_WARN_EMPTY_BODY = YES;
				CLANG_WARN_ENUM_CONVERSION = YES;
				CLANG_WARN_INT_CONVERSION = YES;
				CLANG_WARN_OBJC_ROOT_CLASS = YES_ERROR;
				CLANG_WARN_UNREACHABLE_CODE = YES;
				CLANG_WARN__DUPLICATE_METHOD_MATCH = YES;
				"CODE_SIGN_IDENTITY[sdk=iphoneos*]" = "iPhone Developer";
				COPY_PHASE_STRIP = NO;
				DEBUG_INFORMATION_FORMAT = dwarf;
				ENABLE_STRICT_OBJC_MSGSEND = YES;
				ENABLE_TESTABILITY = YES;
				GCC_C_LANGUAGE_STANDARD = gnu99;
				GCC_DYNAMIC_NO_PIC = NO;
				GCC_NO_COMMON_BLOCKS = YES;
				GCC_OPTIMIZATION_LEVEL = 0;
				GCC_PREPROCESSOR_DEFINITIONS = (
					"DEBUG=1",
					"$(inherited)",
				);
				GCC_WARN_64_TO_32_BIT_CONVERSION = YES;
				GCC_WARN_ABOUT_RETURN_TYPE = YES_ERROR;
				GCC_WARN_UNDECLARED_SELECTOR = YES;
				GCC_WARN_UNINITIALIZED_AUTOS = YES_AGGRESSIVE;
				GCC_WARN_UNUSED_FUNCTION = YES;
				GCC_WARN_UNUSED_VARIABLE = YES;
				IPHONEOS_DEPLOYMENT_TARGET = 9.2;
				MTL_ENABLE_DEBUG_INFO = YES;
				ONLY_ACTIVE_ARCH = YES;
				SDKROOT = iphoneos;
				SWIFT_OPTIMIZATION_LEVEL = "-Onone";
			};
			name = Debug;
		};
		B28F222F1CA39599002BD10B /* Release */ = {
			isa = XCBuildConfiguration;
			buildSettings = {
				ALWAYS_SEARCH_USER_PATHS = NO;
				CLANG_CXX_LANGUAGE_STANDARD = "gnu++0x";
				CLANG_CXX_LIBRARY = "libc++";
				CLANG_ENABLE_MODULES = YES;
				CLANG_ENABLE_OBJC_ARC = YES;
				CLANG_WARN_BOOL_CONVERSION = YES;
				CLANG_WARN_CONSTANT_CONVERSION = YES;
				CLANG_WARN_DIRECT_OBJC_ISA_USAGE = YES_ERROR;
				CLANG_WARN_EMPTY_BODY = YES;
				CLANG_WARN_ENUM_CONVERSION = YES;
				CLANG_WARN_INT_CONVERSION = YES;
				CLANG_WARN_OBJC_ROOT_CLASS = YES_ERROR;
				CLANG_WARN_UNREACHABLE_CODE = YES;
				CLANG_WARN__DUPLICATE_METHOD_MATCH = YES;
				"CODE_SIGN_IDENTITY[sdk=iphoneos*]" = "iPhone Developer";
				COPY_PHASE_STRIP = NO;
				DEBUG_INFORMATION_FORMAT = "dwarf-with-dsym";
				ENABLE_NS_ASSERTIONS = NO;
				ENABLE_STRICT_OBJC_MSGSEND = YES;
				GCC_C_LANGUAGE_STANDARD = gnu99;
				GCC_NO_COMMON_BLOCKS = YES;
				GCC_WARN_64_TO_32_BIT_CONVERSION = YES;
				GCC_WARN_ABOUT_RETURN_TYPE = YES_ERROR;
				GCC_WARN_UNDECLARED_SELECTOR = YES;
				GCC_WARN_UNINITIALIZED_AUTOS = YES_AGGRESSIVE;
				GCC_WARN_UNUSED_FUNCTION = YES;
				GCC_WARN_UNUSED_VARIABLE = YES;
				IPHONEOS_DEPLOYMENT_TARGET = 9.2;
				MTL_ENABLE_DEBUG_INFO = NO;
				SDKROOT = iphoneos;
				VALIDATE_PRODUCT = YES;
			};
			name = Release;
		};
		B28F22311CA39599002BD10B /* Debug */ = {
			isa = XCBuildConfiguration;
			buildSettings = {
				ASSETCATALOG_COMPILER_APPICON_NAME = AppIcon;
				INFOPLIST_FILE = ChainOfResponsibilityPattern/Info.plist;
				LD_RUNPATH_SEARCH_PATHS = "$(inherited) @executable_path/Frameworks";
				PRODUCT_BUNDLE_IDENTIFIER = com.max.anywhere.ChainOfResponsibilityPattern;
				PRODUCT_NAME = "$(TARGET_NAME)";
			};
			name = Debug;
		};
		B28F22321CA39599002BD10B /* Release */ = {
			isa = XCBuildConfiguration;
			buildSettings = {
				ASSETCATALOG_COMPILER_APPICON_NAME = AppIcon;
				INFOPLIST_FILE = ChainOfResponsibilityPattern/Info.plist;
				LD_RUNPATH_SEARCH_PATHS = "$(inherited) @executable_path/Frameworks";
				PRODUCT_BUNDLE_IDENTIFIER = com.max.anywhere.ChainOfResponsibilityPattern;
				PRODUCT_NAME = "$(TARGET_NAME)";
			};
			name = Release;
		};
/* End XCBuildConfiguration section */

/* Begin XCConfigurationList section */
		B28F22191CA39599002BD10B /* Build configuration list for PBXProject "ChainOfResponsibilityPattern" */ = {
			isa = XCConfigurationList;
			buildConfigurations = (
				B28F222E1CA39599002BD10B /* Debug */,
				B28F222F1CA39599002BD10B /* Release */,
			);
			defaultConfigurationIsVisible = 0;
			defaultConfigurationName = Release;
		};
		B28F22301CA39599002BD10B /* Build configuration list for PBXNativeTarget "ChainOfResponsibilityPattern" */ = {
			isa = XCConfigurationList;
			buildConfigurations = (
				B28F22311CA39599002BD10B /* Debug */,
				B28F22321CA39599002BD10B /* Release */,
			);
			defaultConfigurationIsVisible = 0;
			defaultConfigurationName = Release;
		};
/* End XCConfigurationList section */
	};
	rootObject = B28F22161CA39599002BD10B /* Project object */;
}
