// !$*UTF8*$!
{
	archiveVersion = 1;
	classes = {
	};
	objectVersion = 46;
	objects = {

/* Begin PBXBuildFile section */
		4D1CDAC51E8E673700183D91 /* Duck.swift in Sources */ = {isa = PBXBuildFile; fileRef = 4D1CDAC41E8E673700183D91 /* Duck.swift */; };
		4D1CDAC71E8E68C000183D91 /* RedHeadDuck.swift in Sources */ = {isa = PBXBuildFile; fileRef = 4D1CDAC61E8E68C000183D91 /* RedHeadDuck.swift */; };
		4D9C67021E8F48790005A5E8 /* GreenHeadDuck.swift in Sources */ = {isa = PBXBuildFile; fileRef = 4D9C67011E8F48790005A5E8 /* GreenHeadDuck.swift */; };
		4D9C67061E8F4E790005A5E8 /* FlyBehaviour.swift in Sources */ = {isa = PBXBuildFile; fileRef = 4D9C67051E8F4E790005A5E8 /* FlyBehaviour.swift */; };
		4D9C67081E8F4F610005A5E8 /* QuackBehaviour.swift in Sources */ = {isa = PBXBuildFile; fileRef = 4D9C67071E8F4F610005A5E8 /* QuackBehaviour.swift */; };
		4D9C670A1E8F54370005A5E8 /* FlyWithWings.swift in Sources */ = {isa = PBXBuildFile; fileRef = 4D9C67091E8F54370005A5E8 /* FlyWithWings.swift */; };
		4D9C670C1E8F54700005A5E8 /* FlyNoWay.swift in Sources */ = {isa = PBXBuildFile; fileRef = 4D9C670B1E8F54700005A5E8 /* FlyNoWay.swift */; };
		4D9C670E1E8F54C60005A5E8 /* Quack.swift in Sources */ = {isa = PBXBuildFile; fileRef = 4D9C670D1E8F54C60005A5E8 /* Quack.swift */; };
		4D9C67101E8F54FE0005A5E8 /* Squeak.swift in Sources */ = {isa = PBXBuildFile; fileRef = 4D9C670F1E8F54FE0005A5E8 /* Squeak.swift */; };
		4D9C67121E8F55590005A5E8 /* MuteQuack.swift in Sources */ = {isa = PBXBuildFile; fileRef = 4D9C67111E8F55590005A5E8 /* MuteQuack.swift */; };
		4D9C67141E8F59DA0005A5E8 /* ModelDuck.swift in Sources */ = {isa = PBXBuildFile; fileRef = 4D9C67131E8F59DA0005A5E8 /* ModelDuck.swift */; };
		4D9C67161E8F5C8C0005A5E8 /* FlyRocketPowered.swift in Sources */ = {isa = PBXBuildFile; fileRef = 4D9C67151E8F5C8C0005A5E8 /* FlyRocketPowered.swift */; };
		4D9C67181E8F5D430005A5E8 /* QuackWithLoudSpeaker.swift in Sources */ = {isa = PBXBuildFile; fileRef = 4D9C67171E8F5D430005A5E8 /* QuackWithLoudSpeaker.swift */; };
		B20F3C371D13D738007E9E77 /* Human.swift in Sources */ = {isa = PBXBuildFile; fileRef = B20F3C361D13D738007E9E77 /* Human.swift */; };
		B20F3C391D13D880007E9E77 /* BlackHuman.swift in Sources */ = {isa = PBXBuildFile; fileRef = B20F3C381D13D880007E9E77 /* BlackHuman.swift */; };
		B20F3C3B1D13DA31007E9E77 /* WhiteHuman.swift in Sources */ = {isa = PBXBuildFile; fileRef = B20F3C3A1D13DA31007E9E77 /* WhiteHuman.swift */; };
		B20F3C3D1D13DA7A007E9E77 /* YellowHuman.swift in Sources */ = {isa = PBXBuildFile; fileRef = B20F3C3C1D13DA7A007E9E77 /* YellowHuman.swift */; };
		B20F3C3F1D13DB5C007E9E77 /* HumanFactory.swift in Sources */ = {isa = PBXBuildFile; fileRef = B20F3C3E1D13DB5C007E9E77 /* HumanFactory.swift */; };
		B21F2AB71CFEB774008E3419 /* OpenClosedPrinciple.swift in Sources */ = {isa = PBXBuildFile; fileRef = B21F2AB61CFEB774008E3419 /* OpenClosedPrinciple.swift */; };
		B236D7A41CF7E8C000DD46D3 /* CastingDirector.swift in Sources */ = {isa = PBXBuildFile; fileRef = B236D7A31CF7E8C000DD46D3 /* CastingDirector.swift */; };
		B236D7A61CF7EA1100DD46D3 /* GoodBody.swift in Sources */ = {isa = PBXBuildFile; fileRef = B236D7A51CF7EA1100DD46D3 /* GoodBody.swift */; };
		B236D7AA1CF7EF5100DD46D3 /* GreatTempermament.swift in Sources */ = {isa = PBXBuildFile; fileRef = B236D7A91CF7EF5100DD46D3 /* GreatTempermament.swift */; };
		B236D7AC1CF7EF8100DD46D3 /* PrettyGirl.swift in Sources */ = {isa = PBXBuildFile; fileRef = B236D7AB1CF7EF8100DD46D3 /* PrettyGirl.swift */; };
		B236D7B01CF7F35400DD46D3 /* AwesomePrettyGirl.swift in Sources */ = {isa = PBXBuildFile; fileRef = B236D7AF1CF7F35400DD46D3 /* AwesomePrettyGirl.swift */; };
		B236D7B41CF7F55700DD46D3 /* Girl.swift in Sources */ = {isa = PBXBuildFile; fileRef = B236D7B31CF7F55700DD46D3 /* Girl.swift */; };
		B236D7B61CF7FB8C00DD46D3 /* InterfaceSegregation.swift in Sources */ = {isa = PBXBuildFile; fileRef = B236D7B51CF7FB8C00DD46D3 /* InterfaceSegregation.swift */; };
		B236D7BA1CF7FC3400DD46D3 /* FoxCastingDirector.swift in Sources */ = {isa = PBXBuildFile; fileRef = B236D7B91CF7FC3400DD46D3 /* FoxCastingDirector.swift */; };
		B23DB4AE1D06B29A0002FD6E /* InstallSoftware.swift in Sources */ = {isa = PBXBuildFile; fileRef = B23DB4AD1D06B29A0002FD6E /* InstallSoftware.swift */; };
		B23DB4B01D06B3440002FD6E /* Wizard.swift in Sources */ = {isa = PBXBuildFile; fileRef = B23DB4AF1D06B3440002FD6E /* Wizard.swift */; };
		B246D5A81D06A89B00967C07 /* LeastKnowledgePrinciple.swift in Sources */ = {isa = PBXBuildFile; fileRef = B246D5A71D06A89B00967C07 /* LeastKnowledgePrinciple.swift */; };
		B246D5AA1D06A90000967C07 /* Teacher.swift in Sources */ = {isa = PBXBuildFile; fileRef = B246D5A91D06A90000967C07 /* Teacher.swift */; };
		B246D5AC1D06A9A000967C07 /* GroupLeader.swift in Sources */ = {isa = PBXBuildFile; fileRef = B246D5AB1D06A9A000967C07 /* GroupLeader.swift */; };
		B246D5B21D06AB3200967C07 /* FemaleStudent.swift in Sources */ = {isa = PBXBuildFile; fileRef = B246D5B11D06AB3200967C07 /* FemaleStudent.swift */; };
		B246D5B41D06AB8C00967C07 /* SchoolClass.swift in Sources */ = {isa = PBXBuildFile; fileRef = B246D5B31D06AB8C00967C07 /* SchoolClass.swift */; };
		B284D6CC1CF5502F00CB6463 /* AppDelegate.swift in Sources */ = {isa = PBXBuildFile; fileRef = B284D6CB1CF5502F00CB6463 /* AppDelegate.swift */; };
		B284D6CE1CF5502F00CB6463 /* ViewController.swift in Sources */ = {isa = PBXBuildFile; fileRef = B284D6CD1CF5502F00CB6463 /* ViewController.swift */; };
		B284D6D11CF5502F00CB6463 /* Main.storyboard in Resources */ = {isa = PBXBuildFile; fileRef = B284D6CF1CF5502F00CB6463 /* Main.storyboard */; };
		B284D6D31CF5502F00CB6463 /* Assets.xcassets in Resources */ = {isa = PBXBuildFile; fileRef = B284D6D21CF5502F00CB6463 /* Assets.xcassets */; };
		B284D6D61CF5502F00CB6463 /* LaunchScreen.storyboard in Resources */ = {isa = PBXBuildFile; fileRef = B284D6D41CF5502F00CB6463 /* LaunchScreen.storyboard */; };
		B284D6E01CF550BE00CB6463 /* ATM.swift in Sources */ = {isa = PBXBuildFile; fileRef = B284D6DE1CF550BE00CB6463 /* ATM.swift */; };
		B284D6E11CF550BE00CB6463 /* Money.swift in Sources */ = {isa = PBXBuildFile; fileRef = B284D6DF1CF550BE00CB6463 /* Money.swift */; };
		B284D6EC1CF5514600CB6463 /* AUG.swift in Sources */ = {isa = PBXBuildFile; fileRef = B284D6E31CF5514600CB6463 /* AUG.swift */; };
		B284D6ED1CF5514600CB6463 /* Father.swift in Sources */ = {isa = PBXBuildFile; fileRef = B284D6E41CF5514600CB6463 /* Father.swift */; };
		B284D6EE1CF5514600CB6463 /* Gun.swift in Sources */ = {isa = PBXBuildFile; fileRef = B284D6E51CF5514600CB6463 /* Gun.swift */; };
		B284D6EF1CF5514600CB6463 /* HandGun.swift in Sources */ = {isa = PBXBuildFile; fileRef = B284D6E61CF5514600CB6463 /* HandGun.swift */; };
		B284D6F01CF5514600CB6463 /* MachineGun.swift in Sources */ = {isa = PBXBuildFile; fileRef = B284D6E71CF5514600CB6463 /* MachineGun.swift */; };
		B284D6F11CF5514600CB6463 /* RifleGun.swift in Sources */ = {isa = PBXBuildFile; fileRef = B284D6E81CF5514600CB6463 /* RifleGun.swift */; };
		B284D6F21CF5514600CB6463 /* Snipper.swift in Sources */ = {isa = PBXBuildFile; fileRef = B284D6E91CF5514600CB6463 /* Snipper.swift */; };
		B284D6F31CF5514600CB6463 /* Soldier.swift in Sources */ = {isa = PBXBuildFile; fileRef = B284D6EA1CF5514600CB6463 /* Soldier.swift */; };
		B284D6F41CF5514600CB6463 /* Son.swift in Sources */ = {isa = PBXBuildFile; fileRef = B284D6EB1CF5514600CB6463 /* Son.swift */; };
		B284D6F81CF5519D00CB6463 /* Benz.swift in Sources */ = {isa = PBXBuildFile; fileRef = B284D6F61CF5519D00CB6463 /* Benz.swift */; };
		B284D6F91CF5519D00CB6463 /* Driver.swift in Sources */ = {isa = PBXBuildFile; fileRef = B284D6F71CF5519D00CB6463 /* Driver.swift */; };
		B284D6FB1CF5542700CB6463 /* ChainOfResponsibility.swift in Sources */ = {isa = PBXBuildFile; fileRef = B284D6FA1CF5542700CB6463 /* ChainOfResponsibility.swift */; };
		B284D6FD1CF5543900CB6463 /* DesignPattern.swift in Sources */ = {isa = PBXBuildFile; fileRef = B284D6FC1CF5543900CB6463 /* DesignPattern.swift */; };
		B284D6FF1CF554EF00CB6463 /* LiskovSubstitutionPrinciple.swift in Sources */ = {isa = PBXBuildFile; fileRef = B284D6FE1CF554EF00CB6463 /* LiskovSubstitutionPrinciple.swift */; };
		B284D7011CF5555500CB6463 /* DependInversionPrinciple.swift in Sources */ = {isa = PBXBuildFile; fileRef = B284D7001CF5555500CB6463 /* DependInversionPrinciple.swift */; };
		B284D7031CF5595200CB6463 /* Vehicle.swift in Sources */ = {isa = PBXBuildFile; fileRef = B284D7021CF5595200CB6463 /* Vehicle.swift */; };
		B284D7051CF559A000CB6463 /* BMW.swift in Sources */ = {isa = PBXBuildFile; fileRef = B284D7041CF559A000CB6463 /* BMW.swift */; };
		B284D7071CF559D400CB6463 /* Discovery4.swift in Sources */ = {isa = PBXBuildFile; fileRef = B284D7061CF559D400CB6463 /* Discovery4.swift */; };
		B28C37F11D0D02710071EC52 /* Book.swift in Sources */ = {isa = PBXBuildFile; fileRef = B28C37F01D0D02710071EC52 /* Book.swift */; };
		B28C37F31D0D03350071EC52 /* NovelBook.swift in Sources */ = {isa = PBXBuildFile; fileRef = B28C37F21D0D03350071EC52 /* NovelBook.swift */; };
		B28C37F51D0D05670071EC52 /* BookStore.swift in Sources */ = {isa = PBXBuildFile; fileRef = B28C37F41D0D05670071EC52 /* BookStore.swift */; };
		B28C37F71D0D0BBE0071EC52 /* DiscountNovelBook.swift in Sources */ = {isa = PBXBuildFile; fileRef = B28C37F61D0D0BBE0071EC52 /* DiscountNovelBook.swift */; };
		B28C37FB1D0D112C0071EC52 /* TechnicalBook.swift in Sources */ = {isa = PBXBuildFile; fileRef = B28C37FA1D0D112C0071EC52 /* TechnicalBook.swift */; };
		B28C37FD1D0D11620071EC52 /* ComputerBook.swift in Sources */ = {isa = PBXBuildFile; fileRef = B28C37FC1D0D11620071EC52 /* ComputerBook.swift */; };
/* End PBXBuildFile section */

/* Begin PBXFileReference section */
		4D1CDAC41E8E673700183D91 /* Duck.swift */ = {isa = PBXFileReference; fileEncoding = 4; lastKnownFileType = sourcecode.swift; path = Duck.swift; sourceTree = "<group>"; };
		4D1CDAC61E8E68C000183D91 /* RedHeadDuck.swift */ = {isa = PBXFileReference; fileEncoding = 4; lastKnownFileType = sourcecode.swift; path = RedHeadDuck.swift; sourceTree = "<group>"; };
		4D9C67011E8F48790005A5E8 /* GreenHeadDuck.swift */ = {isa = PBXFileReference; fileEncoding = 4; lastKnownFileType = sourcecode.swift; path = GreenHeadDuck.swift; sourceTree = "<group>"; };
		4D9C67051E8F4E790005A5E8 /* FlyBehaviour.swift */ = {isa = PBXFileReference; fileEncoding = 4; lastKnownFileType = sourcecode.swift; path = FlyBehaviour.swift; sourceTree = "<group>"; };
		4D9C67071E8F4F610005A5E8 /* QuackBehaviour.swift */ = {isa = PBXFileReference; fileEncoding = 4; lastKnownFileType = sourcecode.swift; path = QuackBehaviour.swift; sourceTree = "<group>"; };
		4D9C67091E8F54370005A5E8 /* FlyWithWings.swift */ = {isa = PBXFileReference; fileEncoding = 4; lastKnownFileType = sourcecode.swift; path = FlyWithWings.swift; sourceTree = "<group>"; };
		4D9C670B1E8F54700005A5E8 /* FlyNoWay.swift */ = {isa = PBXFileReference; fileEncoding = 4; lastKnownFileType = sourcecode.swift; path = FlyNoWay.swift; sourceTree = "<group>"; };
		4D9C670D1E8F54C60005A5E8 /* Quack.swift */ = {isa = PBXFileReference; fileEncoding = 4; lastKnownFileType = sourcecode.swift; path = Quack.swift; sourceTree = "<group>"; };
		4D9C670F1E8F54FE0005A5E8 /* Squeak.swift */ = {isa = PBXFileReference; fileEncoding = 4; lastKnownFileType = sourcecode.swift; path = Squeak.swift; sourceTree = "<group>"; };
		4D9C67111E8F55590005A5E8 /* MuteQuack.swift */ = {isa = PBXFileReference; fileEncoding = 4; lastKnownFileType = sourcecode.swift; path = MuteQuack.swift; sourceTree = "<group>"; };
		4D9C67131E8F59DA0005A5E8 /* ModelDuck.swift */ = {isa = PBXFileReference; fileEncoding = 4; lastKnownFileType = sourcecode.swift; path = ModelDuck.swift; sourceTree = "<group>"; };
		4D9C67151E8F5C8C0005A5E8 /* FlyRocketPowered.swift */ = {isa = PBXFileReference; fileEncoding = 4; lastKnownFileType = sourcecode.swift; path = FlyRocketPowered.swift; sourceTree = "<group>"; };
		4D9C67171E8F5D430005A5E8 /* QuackWithLoudSpeaker.swift */ = {isa = PBXFileReference; fileEncoding = 4; lastKnownFileType = sourcecode.swift; path = QuackWithLoudSpeaker.swift; sourceTree = "<group>"; };
		B20F3C361D13D738007E9E77 /* Human.swift */ = {isa = PBXFileReference; fileEncoding = 4; lastKnownFileType = sourcecode.swift; path = Human.swift; sourceTree = "<group>"; };
		B20F3C381D13D880007E9E77 /* BlackHuman.swift */ = {isa = PBXFileReference; fileEncoding = 4; lastKnownFileType = sourcecode.swift; path = BlackHuman.swift; sourceTree = "<group>"; };
		B20F3C3A1D13DA31007E9E77 /* WhiteHuman.swift */ = {isa = PBXFileReference; fileEncoding = 4; lastKnownFileType = sourcecode.swift; path = WhiteHuman.swift; sourceTree = "<group>"; };
		B20F3C3C1D13DA7A007E9E77 /* YellowHuman.swift */ = {isa = PBXFileReference; fileEncoding = 4; lastKnownFileType = sourcecode.swift; path = YellowHuman.swift; sourceTree = "<group>"; };
		B20F3C3E1D13DB5C007E9E77 /* HumanFactory.swift */ = {isa = PBXFileReference; fileEncoding = 4; lastKnownFileType = sourcecode.swift; path = HumanFactory.swift; sourceTree = "<group>"; };
		B21F2AB61CFEB774008E3419 /* OpenClosedPrinciple.swift */ = {isa = PBXFileReference; fileEncoding = 4; lastKnownFileType = sourcecode.swift; path = OpenClosedPrinciple.swift; sourceTree = "<group>"; };
		B236D7A31CF7E8C000DD46D3 /* CastingDirector.swift */ = {isa = PBXFileReference; fileEncoding = 4; lastKnownFileType = sourcecode.swift; path = CastingDirector.swift; sourceTree = "<group>"; };
		B236D7A51CF7EA1100DD46D3 /* GoodBody.swift */ = {isa = PBXFileReference; fileEncoding = 4; lastKnownFileType = sourcecode.swift; path = GoodBody.swift; sourceTree = "<group>"; };
		B236D7A91CF7EF5100DD46D3 /* GreatTempermament.swift */ = {isa = PBXFileReference; fileEncoding = 4; lastKnownFileType = sourcecode.swift; path = GreatTempermament.swift; sourceTree = "<group>"; };
		B236D7AB1CF7EF8100DD46D3 /* PrettyGirl.swift */ = {isa = PBXFileReference; fileEncoding = 4; lastKnownFileType = sourcecode.swift; path = PrettyGirl.swift; sourceTree = "<group>"; };
		B236D7AF1CF7F35400DD46D3 /* AwesomePrettyGirl.swift */ = {isa = PBXFileReference; fileEncoding = 4; lastKnownFileType = sourcecode.swift; path = AwesomePrettyGirl.swift; sourceTree = "<group>"; };
		B236D7B31CF7F55700DD46D3 /* Girl.swift */ = {isa = PBXFileReference; fileEncoding = 4; lastKnownFileType = sourcecode.swift; path = Girl.swift; sourceTree = "<group>"; };
		B236D7B51CF7FB8C00DD46D3 /* InterfaceSegregation.swift */ = {isa = PBXFileReference; fileEncoding = 4; lastKnownFileType = sourcecode.swift; path = InterfaceSegregation.swift; sourceTree = "<group>"; };
		B236D7B91CF7FC3400DD46D3 /* FoxCastingDirector.swift */ = {isa = PBXFileReference; fileEncoding = 4; lastKnownFileType = sourcecode.swift; path = FoxCastingDirector.swift; sourceTree = "<group>"; };
		B23DB4AD1D06B29A0002FD6E /* InstallSoftware.swift */ = {isa = PBXFileReference; fileEncoding = 4; lastKnownFileType = sourcecode.swift; path = InstallSoftware.swift; sourceTree = "<group>"; };
		B23DB4AF1D06B3440002FD6E /* Wizard.swift */ = {isa = PBXFileReference; fileEncoding = 4; lastKnownFileType = sourcecode.swift; path = Wizard.swift; sourceTree = "<group>"; };
		B246D5A71D06A89B00967C07 /* LeastKnowledgePrinciple.swift */ = {isa = PBXFileReference; fileEncoding = 4; lastKnownFileType = sourcecode.swift; path = LeastKnowledgePrinciple.swift; sourceTree = "<group>"; };
		B246D5A91D06A90000967C07 /* Teacher.swift */ = {isa = PBXFileReference; fileEncoding = 4; lastKnownFileType = sourcecode.swift; path = Teacher.swift; sourceTree = "<group>"; };
		B246D5AB1D06A9A000967C07 /* GroupLeader.swift */ = {isa = PBXFileReference; fileEncoding = 4; lastKnownFileType = sourcecode.swift; path = GroupLeader.swift; sourceTree = "<group>"; };
		B246D5B11D06AB3200967C07 /* FemaleStudent.swift */ = {isa = PBXFileReference; fileEncoding = 4; lastKnownFileType = sourcecode.swift; path = FemaleStudent.swift; sourceTree = "<group>"; };
		B246D5B31D06AB8C00967C07 /* SchoolClass.swift */ = {isa = PBXFileReference; fileEncoding = 4; lastKnownFileType = sourcecode.swift; path = SchoolClass.swift; sourceTree = "<group>"; };
		B284D6C81CF5502F00CB6463 /* DesignPattern.app */ = {isa = PBXFileReference; explicitFileType = wrapper.application; includeInIndex = 0; path = DesignPattern.app; sourceTree = BUILT_PRODUCTS_DIR; };
		B284D6CB1CF5502F00CB6463 /* AppDelegate.swift */ = {isa = PBXFileReference; lastKnownFileType = sourcecode.swift; path = AppDelegate.swift; sourceTree = "<group>"; };
		B284D6CD1CF5502F00CB6463 /* ViewController.swift */ = {isa = PBXFileReference; lastKnownFileType = sourcecode.swift; path = ViewController.swift; sourceTree = "<group>"; };
		B284D6D01CF5502F00CB6463 /* Base */ = {isa = PBXFileReference; lastKnownFileType = file.storyboard; name = Base; path = Base.lproj/Main.storyboard; sourceTree = "<group>"; };
		B284D6D21CF5502F00CB6463 /* Assets.xcassets */ = {isa = PBXFileReference; lastKnownFileType = folder.assetcatalog; path = Assets.xcassets; sourceTree = "<group>"; };
		B284D6D51CF5502F00CB6463 /* Base */ = {isa = PBXFileReference; lastKnownFileType = file.storyboard; name = Base; path = Base.lproj/LaunchScreen.storyboard; sourceTree = "<group>"; };
		B284D6D71CF5502F00CB6463 /* Info.plist */ = {isa = PBXFileReference; lastKnownFileType = text.plist.xml; path = Info.plist; sourceTree = "<group>"; };
		B284D6DE1CF550BE00CB6463 /* ATM.swift */ = {isa = PBXFileReference; fileEncoding = 4; lastKnownFileType = sourcecode.swift; path = ATM.swift; sourceTree = "<group>"; };
		B284D6DF1CF550BE00CB6463 /* Money.swift */ = {isa = PBXFileReference; fileEncoding = 4; lastKnownFileType = sourcecode.swift; path = Money.swift; sourceTree = "<group>"; };
		B284D6E31CF5514600CB6463 /* AUG.swift */ = {isa = PBXFileReference; fileEncoding = 4; lastKnownFileType = sourcecode.swift; path = AUG.swift; sourceTree = "<group>"; };
		B284D6E41CF5514600CB6463 /* Father.swift */ = {isa = PBXFileReference; fileEncoding = 4; lastKnownFileType = sourcecode.swift; path = Father.swift; sourceTree = "<group>"; };
		B284D6E51CF5514600CB6463 /* Gun.swift */ = {isa = PBXFileReference; fileEncoding = 4; lastKnownFileType = sourcecode.swift; path = Gun.swift; sourceTree = "<group>"; };
		B284D6E61CF5514600CB6463 /* HandGun.swift */ = {isa = PBXFileReference; fileEncoding = 4; lastKnownFileType = sourcecode.swift; path = HandGun.swift; sourceTree = "<group>"; };
		B284D6E71CF5514600CB6463 /* MachineGun.swift */ = {isa = PBXFileReference; fileEncoding = 4; lastKnownFileType = sourcecode.swift; path = MachineGun.swift; sourceTree = "<group>"; };
		B284D6E81CF5514600CB6463 /* RifleGun.swift */ = {isa = PBXFileReference; fileEncoding = 4; lastKnownFileType = sourcecode.swift; path = RifleGun.swift; sourceTree = "<group>"; };
		B284D6E91CF5514600CB6463 /* Snipper.swift */ = {isa = PBXFileReference; fileEncoding = 4; lastKnownFileType = sourcecode.swift; path = Snipper.swift; sourceTree = "<group>"; };
		B284D6EA1CF5514600CB6463 /* Soldier.swift */ = {isa = PBXFileReference; fileEncoding = 4; lastKnownFileType = sourcecode.swift; path = Soldier.swift; sourceTree = "<group>"; };
		B284D6EB1CF5514600CB6463 /* Son.swift */ = {isa = PBXFileReference; fileEncoding = 4; lastKnownFileType = sourcecode.swift; path = Son.swift; sourceTree = "<group>"; };
		B284D6F61CF5519D00CB6463 /* Benz.swift */ = {isa = PBXFileReference; fileEncoding = 4; lastKnownFileType = sourcecode.swift; path = Benz.swift; sourceTree = "<group>"; };
		B284D6F71CF5519D00CB6463 /* Driver.swift */ = {isa = PBXFileReference; fileEncoding = 4; lastKnownFileType = sourcecode.swift; path = Driver.swift; sourceTree = "<group>"; };
		B284D6FA1CF5542700CB6463 /* ChainOfResponsibility.swift */ = {isa = PBXFileReference; fileEncoding = 4; lastKnownFileType = sourcecode.swift; path = ChainOfResponsibility.swift; sourceTree = "<group>"; };
		B284D6FC1CF5543900CB6463 /* DesignPattern.swift */ = {isa = PBXFileReference; fileEncoding = 4; lastKnownFileType = sourcecode.swift; path = DesignPattern.swift; sourceTree = "<group>"; };
		B284D6FE1CF554EF00CB6463 /* LiskovSubstitutionPrinciple.swift */ = {isa = PBXFileReference; fileEncoding = 4; lastKnownFileType = sourcecode.swift; path = LiskovSubstitutionPrinciple.swift; sourceTree = "<group>"; };
		B284D7001CF5555500CB6463 /* DependInversionPrinciple.swift */ = {isa = PBXFileReference; fileEncoding = 4; lastKnownFileType = sourcecode.swift; path = DependInversionPrinciple.swift; sourceTree = "<group>"; };
		B284D7021CF5595200CB6463 /* Vehicle.swift */ = {isa = PBXFileReference; fileEncoding = 4; lastKnownFileType = sourcecode.swift; path = Vehicle.swift; sourceTree = "<group>"; };
		B284D7041CF559A000CB6463 /* BMW.swift */ = {isa = PBXFileReference; fileEncoding = 4; lastKnownFileType = sourcecode.swift; path = BMW.swift; sourceTree = "<group>"; };
		B284D7061CF559D400CB6463 /* Discovery4.swift */ = {isa = PBXFileReference; fileEncoding = 4; lastKnownFileType = sourcecode.swift; path = Discovery4.swift; sourceTree = "<group>"; };
		B28C37F01D0D02710071EC52 /* Book.swift */ = {isa = PBXFileReference; fileEncoding = 4; lastKnownFileType = sourcecode.swift; path = Book.swift; sourceTree = "<group>"; };
		B28C37F21D0D03350071EC52 /* NovelBook.swift */ = {isa = PBXFileReference; fileEncoding = 4; lastKnownFileType = sourcecode.swift; path = NovelBook.swift; sourceTree = "<group>"; };
		B28C37F41D0D05670071EC52 /* BookStore.swift */ = {isa = PBXFileReference; fileEncoding = 4; lastKnownFileType = sourcecode.swift; path = BookStore.swift; sourceTree = "<group>"; };
		B28C37F61D0D0BBE0071EC52 /* DiscountNovelBook.swift */ = {isa = PBXFileReference; fileEncoding = 4; lastKnownFileType = sourcecode.swift; path = DiscountNovelBook.swift; sourceTree = "<group>"; };
		B28C37FA1D0D112C0071EC52 /* TechnicalBook.swift */ = {isa = PBXFileReference; fileEncoding = 4; lastKnownFileType = sourcecode.swift; path = TechnicalBook.swift; sourceTree = "<group>"; };
		B28C37FC1D0D11620071EC52 /* ComputerBook.swift */ = {isa = PBXFileReference; fileEncoding = 4; lastKnownFileType = sourcecode.swift; path = ComputerBook.swift; sourceTree = "<group>"; };
/* End PBXFileReference section */

/* Begin PBXFrameworksBuildPhase section */
		B284D6C51CF5502F00CB6463 /* Frameworks */ = {
			isa = PBXFrameworksBuildPhase;
			buildActionMask = 2147483647;
			files = (
			);
			runOnlyForDeploymentPostprocessing = 0;
		};
/* End PBXFrameworksBuildPhase section */

/* Begin PBXGroup section */
		4D1CDAC31E8E672900183D91 /* EncapsulateChange */ = {
			isa = PBXGroup;
			children = (
				4D1CDAC41E8E673700183D91 /* Duck.swift */,
				4D9C67051E8F4E790005A5E8 /* FlyBehaviour.swift */,
				4D9C67071E8F4F610005A5E8 /* QuackBehaviour.swift */,
				4D1CDAC61E8E68C000183D91 /* RedHeadDuck.swift */,
				4D9C67091E8F54370005A5E8 /* FlyWithWings.swift */,
				4D9C67151E8F5C8C0005A5E8 /* FlyRocketPowered.swift */,
				4D9C670B1E8F54700005A5E8 /* FlyNoWay.swift */,
				4D9C670D1E8F54C60005A5E8 /* Quack.swift */,
				4D9C670F1E8F54FE0005A5E8 /* Squeak.swift */,
				4D9C67131E8F59DA0005A5E8 /* ModelDuck.swift */,
				4D9C67171E8F5D430005A5E8 /* QuackWithLoudSpeaker.swift */,
				4D9C67111E8F55590005A5E8 /* MuteQuack.swift */,
				4D9C67011E8F48790005A5E8 /* GreenHeadDuck.swift */,
			);
			path = EncapsulateChange;
			sourceTree = "<group>";
		};
		B20F3C351D13D70F007E9E77 /* FactoryMethod */ = {
			isa = PBXGroup;
			children = (
				B20F3C361D13D738007E9E77 /* Human.swift */,
				B20F3C381D13D880007E9E77 /* BlackHuman.swift */,
				B20F3C3A1D13DA31007E9E77 /* WhiteHuman.swift */,
				B20F3C3C1D13DA7A007E9E77 /* YellowHuman.swift */,
				B20F3C3E1D13DB5C007E9E77 /* HumanFactory.swift */,
			);
			path = FactoryMethod;
			sourceTree = "<group>";
		};
		B21F2AB51CFEB758008E3419 /* OpenClosedPrinciple */ = {
			isa = PBXGroup;
			children = (
				B21F2AB61CFEB774008E3419 /* OpenClosedPrinciple.swift */,
				B28C37F01D0D02710071EC52 /* Book.swift */,
				B28C37FA1D0D112C0071EC52 /* TechnicalBook.swift */,
				B28C37F21D0D03350071EC52 /* NovelBook.swift */,
				B28C37F41D0D05670071EC52 /* BookStore.swift */,
				B28C37FC1D0D11620071EC52 /* ComputerBook.swift */,
				B28C37F61D0D0BBE0071EC52 /* DiscountNovelBook.swift */,
			);
			path = OpenClosedPrinciple;
			sourceTree = "<group>";
		};
		B236D7A21CF7E68200DD46D3 /* InterfaceSegregationPrinciple */ = {
			isa = PBXGroup;
			children = (
				B236D7B51CF7FB8C00DD46D3 /* InterfaceSegregation.swift */,
				B236D7A31CF7E8C000DD46D3 /* CastingDirector.swift */,
				B236D7B91CF7FC3400DD46D3 /* FoxCastingDirector.swift */,
				B236D7A51CF7EA1100DD46D3 /* GoodBody.swift */,
				B236D7A91CF7EF5100DD46D3 /* GreatTempermament.swift */,
				B236D7B31CF7F55700DD46D3 /* Girl.swift */,
				B236D7AB1CF7EF8100DD46D3 /* PrettyGirl.swift */,
				B236D7AF1CF7F35400DD46D3 /* AwesomePrettyGirl.swift */,
			);
			path = InterfaceSegregationPrinciple;
			sourceTree = "<group>";
		};
		B246D5A61D06A86E00967C07 /* LeastKnowledgePrinciple */ = {
			isa = PBXGroup;
			children = (
				B246D5A71D06A89B00967C07 /* LeastKnowledgePrinciple.swift */,
				B246D5A91D06A90000967C07 /* Teacher.swift */,
				B246D5AB1D06A9A000967C07 /* GroupLeader.swift */,
				B246D5B31D06AB8C00967C07 /* SchoolClass.swift */,
				B246D5B11D06AB3200967C07 /* FemaleStudent.swift */,
				B23DB4AD1D06B29A0002FD6E /* InstallSoftware.swift */,
				B23DB4AF1D06B3440002FD6E /* Wizard.swift */,
			);
			path = LeastKnowledgePrinciple;
			sourceTree = "<group>";
		};
		B284D6BF1CF5502E00CB6463 = {
			isa = PBXGroup;
			children = (
				B284D6CA1CF5502F00CB6463 /* DesignPattern */,
				B284D6C91CF5502F00CB6463 /* Products */,
			);
			sourceTree = "<group>";
		};
		B284D6C91CF5502F00CB6463 /* Products */ = {
			isa = PBXGroup;
			children = (
				B284D6C81CF5502F00CB6463 /* DesignPattern.app */,
			);
			name = Products;
			sourceTree = "<group>";
		};
		B284D6CA1CF5502F00CB6463 /* DesignPattern */ = {
			isa = PBXGroup;
			children = (
				B284D6CB1CF5502F00CB6463 /* AppDelegate.swift */,
				B284D6CD1CF5502F00CB6463 /* ViewController.swift */,
				B284D6FC1CF5543900CB6463 /* DesignPattern.swift */,
				4D1CDAC31E8E672900183D91 /* EncapsulateChange */,
				B246D5A61D06A86E00967C07 /* LeastKnowledgePrinciple */,
				B21F2AB51CFEB758008E3419 /* OpenClosedPrinciple */,
				B236D7A21CF7E68200DD46D3 /* InterfaceSegregationPrinciple */,
				B284D6DD1CF550BE00CB6463 /* ChainOfResponsibility */,
				B284D6F51CF5519D00CB6463 /* DependInversionPrinciple */,
				B284D6E21CF5514600CB6463 /* LiskovSubstitutionPrinciple */,
				B20F3C351D13D70F007E9E77 /* FactoryMethod */,
				B284D6CF1CF5502F00CB6463 /* Main.storyboard */,
				B284D6D21CF5502F00CB6463 /* Assets.xcassets */,
				B284D6D41CF5502F00CB6463 /* LaunchScreen.storyboard */,
				B284D6D71CF5502F00CB6463 /* Info.plist */,
			);
			path = DesignPattern;
			sourceTree = "<group>";
		};
		B284D6DD1CF550BE00CB6463 /* ChainOfResponsibility */ = {
			isa = PBXGroup;
			children = (
				B284D6DE1CF550BE00CB6463 /* ATM.swift */,
				B284D6FA1CF5542700CB6463 /* ChainOfResponsibility.swift */,
				B284D6DF1CF550BE00CB6463 /* Money.swift */,
			);
			path = ChainOfResponsibility;
			sourceTree = "<group>";
		};
		B284D6E21CF5514600CB6463 /* LiskovSubstitutionPrinciple */ = {
			isa = PBXGroup;
			children = (
				B284D6E31CF5514600CB6463 /* AUG.swift */,
				B284D6FE1CF554EF00CB6463 /* LiskovSubstitutionPrinciple.swift */,
				B284D6E41CF5514600CB6463 /* Father.swift */,
				B284D6E51CF5514600CB6463 /* Gun.swift */,
				B284D6E61CF5514600CB6463 /* HandGun.swift */,
				B284D6E71CF5514600CB6463 /* MachineGun.swift */,
				B284D6E81CF5514600CB6463 /* RifleGun.swift */,
				B284D6E91CF5514600CB6463 /* Snipper.swift */,
				B284D6EA1CF5514600CB6463 /* Soldier.swift */,
				B284D6EB1CF5514600CB6463 /* Son.swift */,
			);
			path = LiskovSubstitutionPrinciple;
			sourceTree = "<group>";
		};
		B284D6F51CF5519D00CB6463 /* DependInversionPrinciple */ = {
			isa = PBXGroup;
			children = (
				B284D6F61CF5519D00CB6463 /* Benz.swift */,
				B284D7041CF559A000CB6463 /* BMW.swift */,
				B284D7061CF559D400CB6463 /* Discovery4.swift */,
				B284D7001CF5555500CB6463 /* DependInversionPrinciple.swift */,
				B284D7021CF5595200CB6463 /* Vehicle.swift */,
				B284D6F71CF5519D00CB6463 /* Driver.swift */,
			);
			path = DependInversionPrinciple;
			sourceTree = "<group>";
		};
/* End PBXGroup section */

/* Begin PBXNativeTarget section */
		B284D6C71CF5502F00CB6463 /* DesignPattern */ = {
			isa = PBXNativeTarget;
			buildConfigurationList = B284D6DA1CF5502F00CB6463 /* Build configuration list for PBXNativeTarget "DesignPattern" */;
			buildPhases = (
				B284D6C41CF5502F00CB6463 /* Sources */,
				B284D6C51CF5502F00CB6463 /* Frameworks */,
				B284D6C61CF5502F00CB6463 /* Resources */,
			);
			buildRules = (
			);
			dependencies = (
			);
			name = DesignPattern;
			productName = DesignPattern;
			productReference = B284D6C81CF5502F00CB6463 /* DesignPattern.app */;
			productType = "com.apple.product-type.application";
		};
/* End PBXNativeTarget section */

/* Begin PBXProject section */
		B284D6C01CF5502E00CB6463 /* Project object */ = {
			isa = PBXProject;
			attributes = {
				LastSwiftUpdateCheck = 0720;
				LastUpgradeCheck = 0820;
				ORGANIZATIONNAME = Max.;
				TargetAttributes = {
					B284D6C71CF5502F00CB6463 = {
						CreatedOnToolsVersion = 7.2;
						LastSwiftMigration = 0820;
					};
				};
			};
			buildConfigurationList = B284D6C31CF5502E00CB6463 /* Build configuration list for PBXProject "DesignPattern" */;
			compatibilityVersion = "Xcode 3.2";
			developmentRegion = English;
			hasScannedForEncodings = 0;
			knownRegions = (
				en,
				Base,
			);
			mainGroup = B284D6BF1CF5502E00CB6463;
			productRefGroup = B284D6C91CF5502F00CB6463 /* Products */;
			projectDirPath = "";
			projectRoot = "";
			targets = (
				B284D6C71CF5502F00CB6463 /* DesignPattern */,
			);
		};
/* End PBXProject section */

/* Begin PBXResourcesBuildPhase section */
		B284D6C61CF5502F00CB6463 /* Resources */ = {
			isa = PBXResourcesBuildPhase;
			buildActionMask = 2147483647;
			files = (
				B284D6D61CF5502F00CB6463 /* LaunchScreen.storyboard in Resources */,
				B284D6D31CF5502F00CB6463 /* Assets.xcassets in Resources */,
				B284D6D11CF5502F00CB6463 /* Main.storyboard in Resources */,
			);
			runOnlyForDeploymentPostprocessing = 0;
		};
/* End PBXResourcesBuildPhase section */

/* Begin PBXSourcesBuildPhase section */
		B284D6C41CF5502F00CB6463 /* Sources */ = {
			isa = PBXSourcesBuildPhase;
			buildActionMask = 2147483647;
			files = (
				4D1CDAC71E8E68C000183D91 /* RedHeadDuck.swift in Sources */,
				B23DB4B01D06B3440002FD6E /* Wizard.swift in Sources */,
				B20F3C3D1D13DA7A007E9E77 /* YellowHuman.swift in Sources */,
				B28C37F51D0D05670071EC52 /* BookStore.swift in Sources */,
				4D9C67021E8F48790005A5E8 /* GreenHeadDuck.swift in Sources */,
				B28C37F31D0D03350071EC52 /* NovelBook.swift in Sources */,
				B284D6F91CF5519D00CB6463 /* Driver.swift in Sources */,
				B236D7B01CF7F35400DD46D3 /* AwesomePrettyGirl.swift in Sources */,
				B28C37FB1D0D112C0071EC52 /* TechnicalBook.swift in Sources */,
				B284D6FF1CF554EF00CB6463 /* LiskovSubstitutionPrinciple.swift in Sources */,
				B236D7B41CF7F55700DD46D3 /* Girl.swift in Sources */,
				B284D6FD1CF5543900CB6463 /* DesignPattern.swift in Sources */,
				B246D5B21D06AB3200967C07 /* FemaleStudent.swift in Sources */,
				B284D6F81CF5519D00CB6463 /* Benz.swift in Sources */,
				B21F2AB71CFEB774008E3419 /* OpenClosedPrinciple.swift in Sources */,
				B284D6F21CF5514600CB6463 /* Snipper.swift in Sources */,
				B284D6EE1CF5514600CB6463 /* Gun.swift in Sources */,
				B28C37F11D0D02710071EC52 /* Book.swift in Sources */,
				4D9C670C1E8F54700005A5E8 /* FlyNoWay.swift in Sources */,
				B28C37F71D0D0BBE0071EC52 /* DiscountNovelBook.swift in Sources */,
				4D9C67161E8F5C8C0005A5E8 /* FlyRocketPowered.swift in Sources */,
				B284D6E01CF550BE00CB6463 /* ATM.swift in Sources */,
				B284D6CE1CF5502F00CB6463 /* ViewController.swift in Sources */,
				B236D7B61CF7FB8C00DD46D3 /* InterfaceSegregation.swift in Sources */,
				B284D7031CF5595200CB6463 /* Vehicle.swift in Sources */,
				B20F3C3F1D13DB5C007E9E77 /* HumanFactory.swift in Sources */,
				B23DB4AE1D06B29A0002FD6E /* InstallSoftware.swift in Sources */,
				B20F3C3B1D13DA31007E9E77 /* WhiteHuman.swift in Sources */,
				B236D7A61CF7EA1100DD46D3 /* GoodBody.swift in Sources */,
				B20F3C371D13D738007E9E77 /* Human.swift in Sources */,
				B236D7AA1CF7EF5100DD46D3 /* GreatTempermament.swift in Sources */,
				B28C37FD1D0D11620071EC52 /* ComputerBook.swift in Sources */,
				4D9C670E1E8F54C60005A5E8 /* Quack.swift in Sources */,
				B20F3C391D13D880007E9E77 /* BlackHuman.swift in Sources */,
				B284D6E11CF550BE00CB6463 /* Money.swift in Sources */,
				B284D7051CF559A000CB6463 /* BMW.swift in Sources */,
				B284D6F41CF5514600CB6463 /* Son.swift in Sources */,
				4D9C67101E8F54FE0005A5E8 /* Squeak.swift in Sources */,
				B246D5B41D06AB8C00967C07 /* SchoolClass.swift in Sources */,
				B284D6EC1CF5514600CB6463 /* AUG.swift in Sources */,
				B284D6F11CF5514600CB6463 /* RifleGun.swift in Sources */,
				B284D6EF1CF5514600CB6463 /* HandGun.swift in Sources */,
				B284D7071CF559D400CB6463 /* Discovery4.swift in Sources */,
				B284D6CC1CF5502F00CB6463 /* AppDelegate.swift in Sources */,
				B236D7AC1CF7EF8100DD46D3 /* PrettyGirl.swift in Sources */,
				4D9C67181E8F5D430005A5E8 /* QuackWithLoudSpeaker.swift in Sources */,
				B284D7011CF5555500CB6463 /* DependInversionPrinciple.swift in Sources */,
				4D9C67061E8F4E790005A5E8 /* FlyBehaviour.swift in Sources */,
				4D1CDAC51E8E673700183D91 /* Duck.swift in Sources */,
				B246D5AA1D06A90000967C07 /* Teacher.swift in Sources */,
				4D9C67081E8F4F610005A5E8 /* QuackBehaviour.swift in Sources */,
				B284D6F01CF5514600CB6463 /* MachineGun.swift in Sources */,
				B236D7BA1CF7FC3400DD46D3 /* FoxCastingDirector.swift in Sources */,
				B284D6F31CF5514600CB6463 /* Soldier.swift in Sources */,
				B236D7A41CF7E8C000DD46D3 /* CastingDirector.swift in Sources */,
				B284D6FB1CF5542700CB6463 /* ChainOfResponsibility.swift in Sources */,
				4D9C67141E8F59DA0005A5E8 /* ModelDuck.swift in Sources */,
				4D9C670A1E8F54370005A5E8 /* FlyWithWings.swift in Sources */,
				B246D5A81D06A89B00967C07 /* LeastKnowledgePrinciple.swift in Sources */,
				B284D6ED1CF5514600CB6463 /* Father.swift in Sources */,
				4D9C67121E8F55590005A5E8 /* MuteQuack.swift in Sources */,
				B246D5AC1D06A9A000967C07 /* GroupLeader.swift in Sources */,
			);
			runOnlyForDeploymentPostprocessing = 0;
		};
/* End PBXSourcesBuildPhase section */

/* Begin PBXVariantGroup section */
		B284D6CF1CF5502F00CB6463 /* Main.storyboard */ = {
			isa = PBXVariantGroup;
			children = (
				B284D6D01CF5502F00CB6463 /* Base */,
			);
			name = Main.storyboard;
			sourceTree = "<group>";
		};
		B284D6D41CF5502F00CB6463 /* LaunchScreen.storyboard */ = {
			isa = PBXVariantGroup;
			children = (
				B284D6D51CF5502F00CB6463 /* Base */,
			);
			name = LaunchScreen.storyboard;
			sourceTree = "<group>";
		};
/* End PBXVariantGroup section */

/* Begin XCBuildConfiguration section */
		B284D6D81CF5502F00CB6463 /* Debug */ = {
			isa = XCBuildConfiguration;
			buildSettings = {
				ALWAYS_SEARCH_USER_PATHS = NO;
				CLANG_CXX_LANGUAGE_STANDARD = "gnu++0x";
				CLANG_CXX_LIBRARY = "libc++";
				CLANG_ENABLE_MODULES = YES;
				CLANG_ENABLE_OBJC_ARC = YES;
				CLANG_WARN_BOOL_CONVERSION = YES;
				CLANG_WARN_CONSTANT_CONVERSION = YES;
				CLANG_WARN_DIRECT_OBJC_ISA_USAGE = YES_ERROR;
				CLANG_WARN_EMPTY_BODY = YES;
				CLANG_WARN_ENUM_CONVERSION = YES;
				CLANG_WARN_INFINITE_RECURSION = YES;
				CLANG_WARN_INT_CONVERSION = YES;
				CLANG_WARN_OBJC_ROOT_CLASS = YES_ERROR;
				CLANG_WARN_SUSPICIOUS_MOVE = YES;
				CLANG_WARN_UNREACHABLE_CODE = YES;
				CLANG_WARN__DUPLICATE_METHOD_MATCH = YES;
				"CODE_SIGN_IDENTITY[sdk=iphoneos*]" = "iPhone Developer";
				COPY_PHASE_STRIP = NO;
				DEBUG_INFORMATION_FORMAT = dwarf;
				ENABLE_STRICT_OBJC_MSGSEND = YES;
				ENABLE_TESTABILITY = YES;
				GCC_C_LANGUAGE_STANDARD = gnu99;
				GCC_DYNAMIC_NO_PIC = NO;
				GCC_NO_COMMON_BLOCKS = YES;
				GCC_OPTIMIZATION_LEVEL = 0;
				GCC_PREPROCESSOR_DEFINITIONS = (
					"DEBUG=1",
					"$(inherited)",
				);
				GCC_WARN_64_TO_32_BIT_CONVERSION = YES;
				GCC_WARN_ABOUT_RETURN_TYPE = YES_ERROR;
				GCC_WARN_UNDECLARED_SELECTOR = YES;
				GCC_WARN_UNINITIALIZED_AUTOS = YES_AGGRESSIVE;
				GCC_WARN_UNUSED_FUNCTION = YES;
				GCC_WARN_UNUSED_VARIABLE = YES;
				IPHONEOS_DEPLOYMENT_TARGET = 9.2;
				MTL_ENABLE_DEBUG_INFO = YES;
				ONLY_ACTIVE_ARCH = YES;
				SDKROOT = iphoneos;
				SWIFT_OPTIMIZATION_LEVEL = "-Onone";
			};
			name = Debug;
		};
		B284D6D91CF5502F00CB6463 /* Release */ = {
			isa = XCBuildConfiguration;
			buildSettings = {
				ALWAYS_SEARCH_USER_PATHS = NO;
				CLANG_CXX_LANGUAGE_STANDARD = "gnu++0x";
				CLANG_CXX_LIBRARY = "libc++";
				CLANG_ENABLE_MODULES = YES;
				CLANG_ENABLE_OBJC_ARC = YES;
				CLANG_WARN_BOOL_CONVERSION = YES;
				CLANG_WARN_CONSTANT_CONVERSION = YES;
				CLANG_WARN_DIRECT_OBJC_ISA_USAGE = YES_ERROR;
				CLANG_WARN_EMPTY_BODY = YES;
				CLANG_WARN_ENUM_CONVERSION = YES;
				CLANG_WARN_INFINITE_RECURSION = YES;
				CLANG_WARN_INT_CONVERSION = YES;
				CLANG_WARN_OBJC_ROOT_CLASS = YES_ERROR;
				CLANG_WARN_SUSPICIOUS_MOVE = YES;
				CLANG_WARN_UNREACHABLE_CODE = YES;
				CLANG_WARN__DUPLICATE_METHOD_MATCH = YES;
				"CODE_SIGN_IDENTITY[sdk=iphoneos*]" = "iPhone Developer";
				COPY_PHASE_STRIP = NO;
				DEBUG_INFORMATION_FORMAT = "dwarf-with-dsym";
				ENABLE_NS_ASSERTIONS = NO;
				ENABLE_STRICT_OBJC_MSGSEND = YES;
				GCC_C_LANGUAGE_STANDARD = gnu99;
				GCC_NO_COMMON_BLOCKS = YES;
				GCC_WARN_64_TO_32_BIT_CONVERSION = YES;
				GCC_WARN_ABOUT_RETURN_TYPE = YES_ERROR;
				GCC_WARN_UNDECLARED_SELECTOR = YES;
				GCC_WARN_UNINITIALIZED_AUTOS = YES_AGGRESSIVE;
				GCC_WARN_UNUSED_FUNCTION = YES;
				GCC_WARN_UNUSED_VARIABLE = YES;
				IPHONEOS_DEPLOYMENT_TARGET = 9.2;
				MTL_ENABLE_DEBUG_INFO = NO;
				SDKROOT = iphoneos;
				SWIFT_OPTIMIZATION_LEVEL = "-Owholemodule";
				VALIDATE_PRODUCT = YES;
			};
			name = Release;
		};
		B284D6DB1CF5502F00CB6463 /* Debug */ = {
			isa = XCBuildConfiguration;
			buildSettings = {
				ASSETCATALOG_COMPILER_APPICON_NAME = AppIcon;
				INFOPLIST_FILE = DesignPattern/Info.plist;
				IPHONEOS_DEPLOYMENT_TARGET = 8.0;
				LD_RUNPATH_SEARCH_PATHS = "$(inherited) @executable_path/Frameworks";
				PRODUCT_BUNDLE_IDENTIFIER = com.max.anywhere.DesignPattern;
				PRODUCT_NAME = "$(TARGET_NAME)";
				SWIFT_VERSION = 3.0;
			};
			name = Debug;
		};
		B284D6DC1CF5502F00CB6463 /* Release */ = {
			isa = XCBuildConfiguration;
			buildSettings = {
				ASSETCATALOG_COMPILER_APPICON_NAME = AppIcon;
				INFOPLIST_FILE = DesignPattern/Info.plist;
				IPHONEOS_DEPLOYMENT_TARGET = 8.0;
				LD_RUNPATH_SEARCH_PATHS = "$(inherited) @executable_path/Frameworks";
				PRODUCT_BUNDLE_IDENTIFIER = com.max.anywhere.DesignPattern;
				PRODUCT_NAME = "$(TARGET_NAME)";
				SWIFT_VERSION = 3.0;
			};
			name = Release;
		};
/* End XCBuildConfiguration section */

/* Begin XCConfigurationList section */
		B284D6C31CF5502E00CB6463 /* Build configuration list for PBXProject "DesignPattern" */ = {
			isa = XCConfigurationList;
			buildConfigurations = (
				B284D6D81CF5502F00CB6463 /* Debug */,
				B284D6D91CF5502F00CB6463 /* Release */,
			);
			defaultConfigurationIsVisible = 0;
			defaultConfigurationName = Release;
		};
		B284D6DA1CF5502F00CB6463 /* Build configuration list for PBXNativeTarget "DesignPattern" */ = {
			isa = XCConfigurationList;
			buildConfigurations = (
				B284D6DB1CF5502F00CB6463 /* Debug */,
				B284D6DC1CF5502F00CB6463 /* Release */,
			);
			defaultConfigurationIsVisible = 0;
			defaultConfigurationName = Release;
		};
/* End XCConfigurationList section */
	};
	rootObject = B284D6C01CF5502E00CB6463 /* Project object */;
}
